{
  "name": "sample-project",
  "version": "1.0.0",
  "lockfileVersion": 2,
  "requires": true,
  "dependencies": {
    "example-package": {
      "version": "2.3.4",
      "resolved": "https://registry.npmjs.org/example-package/-/example-package-2.3.4.tgz",
      "integrity": "sha512-abc123def456ghi789jkl012mno345pqrs678tuv901wxyz234abc567def890ghijklmnopqrstuvw==",
      "dev": true
    }
  }
}
